// !$*UTF8*$!
{
	archiveVersion = 1;
	classes = {
	};
	objectVersion = 50;
	objects = {

/* Begin PBXBuildFile section */
		22E87901322F9C297954A86F /* Pods_JinyBookArchive.framework in Frameworks */ = {isa = PBXBuildFile; fileRef = F063EF12F476A781C9AA5D02 /* Pods_JinyBookArchive.framework */; };
		70C99474233A0E6B003F7058 /* AppDelegate.swift in Sources */ = {isa = PBXBuildFile; fileRef = 70C99473233A0E6B003F7058 /* AppDelegate.swift */; };
		70C99476233A0E6B003F7058 /* SceneDelegate.swift in Sources */ = {isa = PBXBuildFile; fileRef = 70C99475233A0E6B003F7058 /* SceneDelegate.swift */; };
		70C99478233A0E6B003F7058 /* HomeViewController.swift in Sources */ = {isa = PBXBuildFile; fileRef = 70C99477233A0E6B003F7058 /* HomeViewController.swift */; };
		70C9947B233A0E6B003F7058 /* Main.storyboard in Resources */ = {isa = PBXBuildFile; fileRef = 70C99479233A0E6B003F7058 /* Main.storyboard */; };
		70C9947D233A0E6E003F7058 /* Assets.xcassets in Resources */ = {isa = PBXBuildFile; fileRef = 70C9947C233A0E6E003F7058 /* Assets.xcassets */; };
		70C99480233A0E6E003F7058 /* LaunchScreen.storyboard in Resources */ = {isa = PBXBuildFile; fileRef = 70C9947E233A0E6E003F7058 /* LaunchScreen.storyboard */; };
		70C99488233A0ED7003F7058 /* README.md in Resources */ = {isa = PBXBuildFile; fileRef = 70C99487233A0ED7003F7058 /* README.md */; };
		70C99490233A1026003F7058 /* Utility.swift in Sources */ = {isa = PBXBuildFile; fileRef = 70C9948F233A1026003F7058 /* Utility.swift */; };
		70C99492233A1037003F7058 /* Strings.swift in Sources */ = {isa = PBXBuildFile; fileRef = 70C99491233A1037003F7058 /* Strings.swift */; };
		70C99494233A104B003F7058 /* Extensions.swift in Sources */ = {isa = PBXBuildFile; fileRef = 70C99493233A104B003F7058 /* Extensions.swift */; };
		70C99496233A105C003F7058 /* Constants.swift in Sources */ = {isa = PBXBuildFile; fileRef = 70C99495233A105C003F7058 /* Constants.swift */; };
		70C99498233A17CB003F7058 /* HomeViewModel.swift in Sources */ = {isa = PBXBuildFile; fileRef = 70C99497233A17CB003F7058 /* HomeViewModel.swift */; };
		70C9949A233A1ECF003F7058 /* Defaults.swift in Sources */ = {isa = PBXBuildFile; fileRef = 70C99499233A1ECF003F7058 /* Defaults.swift */; };
		70C9949F233A24E9003F7058 /* APIManager.swift in Sources */ = {isa = PBXBuildFile; fileRef = 70C9949E233A24E9003F7058 /* APIManager.swift */; };
		70C994A1233A25AC003F7058 /* Book.swift in Sources */ = {isa = PBXBuildFile; fileRef = 70C994A0233A25AC003F7058 /* Book.swift */; };
		70C994E1233A3FFC003F7058 /* BookInfoCell.swift in Sources */ = {isa = PBXBuildFile; fileRef = 70C994DF233A3FFC003F7058 /* BookInfoCell.swift */; };
		70C994E2233A3FFC003F7058 /* BookInfoCell.xib in Resources */ = {isa = PBXBuildFile; fileRef = 70C994E0233A3FFC003F7058 /* BookInfoCell.xib */; };
		70C994E4233A4E25003F7058 /* BookInfoViewController.swift in Sources */ = {isa = PBXBuildFile; fileRef = 70C994E3233A4E25003F7058 /* BookInfoViewController.swift */; };
		70C994E6233A4E3C003F7058 /* BookInfoViewModel.swift in Sources */ = {isa = PBXBuildFile; fileRef = 70C994E5233A4E3C003F7058 /* BookInfoViewModel.swift */; };
		70C994E9233A56D9003F7058 /* BookDetailCell.swift in Sources */ = {isa = PBXBuildFile; fileRef = 70C994E7233A56D9003F7058 /* BookDetailCell.swift */; };
		70C994EA233A56D9003F7058 /* BookDetailCell.xib in Resources */ = {isa = PBXBuildFile; fileRef = 70C994E8233A56D9003F7058 /* BookDetailCell.xib */; };
/* End PBXBuildFile section */

/* Begin PBXFileReference section */
		50955A84022BF28B5C448B04 /* Pods-JinyBookArchive.debug.xcconfig */ = {isa = PBXFileReference; includeInIndex = 1; lastKnownFileType = text.xcconfig; name = "Pods-JinyBookArchive.debug.xcconfig"; path = "Target Support Files/Pods-JinyBookArchive/Pods-JinyBookArchive.debug.xcconfig"; sourceTree = "<group>"; };
		70C99470233A0E6B003F7058 /* JinyBookArchive.app */ = {isa = PBXFileReference; explicitFileType = wrapper.application; includeInIndex = 0; path = JinyBookArchive.app; sourceTree = BUILT_PRODUCTS_DIR; };
		70C99473233A0E6B003F7058 /* AppDelegate.swift */ = {isa = PBXFileReference; lastKnownFileType = sourcecode.swift; path = AppDelegate.swift; sourceTree = "<group>"; };
		70C99475233A0E6B003F7058 /* SceneDelegate.swift */ = {isa = PBXFileReference; lastKnownFileType = sourcecode.swift; path = SceneDelegate.swift; sourceTree = "<group>"; };
		70C99477233A0E6B003F7058 /* HomeViewController.swift */ = {isa = PBXFileReference; lastKnownFileType = sourcecode.swift; path = HomeViewController.swift; sourceTree = "<group>"; };
		70C9947A233A0E6B003F7058 /* Base */ = {isa = PBXFileReference; lastKnownFileType = file.storyboard; name = Base; path = Base.lproj/Main.storyboard; sourceTree = "<group>"; };
		70C9947C233A0E6E003F7058 /* Assets.xcassets */ = {isa = PBXFileReference; lastKnownFileType = folder.assetcatalog; path = Assets.xcassets; sourceTree = "<group>"; };
		70C9947F233A0E6E003F7058 /* Base */ = {isa = PBXFileReference; lastKnownFileType = file.storyboard; name = Base; path = Base.lproj/LaunchScreen.storyboard; sourceTree = "<group>"; };
		70C99481233A0E6E003F7058 /* Info.plist */ = {isa = PBXFileReference; lastKnownFileType = text.plist.xml; path = Info.plist; sourceTree = "<group>"; };
		70C99487233A0ED7003F7058 /* README.md */ = {isa = PBXFileReference; fileEncoding = 4; lastKnownFileType = net.daringfireball.markdown; path = README.md; sourceTree = "<group>"; };
		70C9948F233A1026003F7058 /* Utility.swift */ = {isa = PBXFileReference; lastKnownFileType = sourcecode.swift; path = Utility.swift; sourceTree = "<group>"; };
		70C99491233A1037003F7058 /* Strings.swift */ = {isa = PBXFileReference; lastKnownFileType = sourcecode.swift; path = Strings.swift; sourceTree = "<group>"; };
		70C99493233A104B003F7058 /* Extensions.swift */ = {isa = PBXFileReference; lastKnownFileType = sourcecode.swift; path = Extensions.swift; sourceTree = "<group>"; };
		70C99495233A105C003F7058 /* Constants.swift */ = {isa = PBXFileReference; lastKnownFileType = sourcecode.swift; path = Constants.swift; sourceTree = "<group>"; };
		70C99497233A17CB003F7058 /* HomeViewModel.swift */ = {isa = PBXFileReference; lastKnownFileType = sourcecode.swift; path = HomeViewModel.swift; sourceTree = "<group>"; };
		70C99499233A1ECF003F7058 /* Defaults.swift */ = {isa = PBXFileReference; lastKnownFileType = sourcecode.swift; path = Defaults.swift; sourceTree = "<group>"; };
		70C9949E233A24E9003F7058 /* APIManager.swift */ = {isa = PBXFileReference; lastKnownFileType = sourcecode.swift; path = APIManager.swift; sourceTree = "<group>"; };
		70C994A0233A25AC003F7058 /* Book.swift */ = {isa = PBXFileReference; lastKnownFileType = sourcecode.swift; path = Book.swift; sourceTree = "<group>"; };
		70C994DF233A3FFC003F7058 /* BookInfoCell.swift */ = {isa = PBXFileReference; lastKnownFileType = sourcecode.swift; path = BookInfoCell.swift; sourceTree = "<group>"; };
		70C994E0233A3FFC003F7058 /* BookInfoCell.xib */ = {isa = PBXFileReference; lastKnownFileType = file.xib; path = BookInfoCell.xib; sourceTree = "<group>"; };
		70C994E3233A4E25003F7058 /* BookInfoViewController.swift */ = {isa = PBXFileReference; lastKnownFileType = sourcecode.swift; path = BookInfoViewController.swift; sourceTree = "<group>"; };
		70C994E5233A4E3C003F7058 /* BookInfoViewModel.swift */ = {isa = PBXFileReference; lastKnownFileType = sourcecode.swift; path = BookInfoViewModel.swift; sourceTree = "<group>"; };
		70C994E7233A56D9003F7058 /* BookDetailCell.swift */ = {isa = PBXFileReference; lastKnownFileType = sourcecode.swift; path = BookDetailCell.swift; sourceTree = "<group>"; };
		70C994E8233A56D9003F7058 /* BookDetailCell.xib */ = {isa = PBXFileReference; lastKnownFileType = file.xib; path = BookDetailCell.xib; sourceTree = "<group>"; };
		E644CBD533808B0A840B58BF /* Pods-JinyBookArchive.release.xcconfig */ = {isa = PBXFileReference; includeInIndex = 1; lastKnownFileType = text.xcconfig; name = "Pods-JinyBookArchive.release.xcconfig"; path = "Target Support Files/Pods-JinyBookArchive/Pods-JinyBookArchive.release.xcconfig"; sourceTree = "<group>"; };
		F063EF12F476A781C9AA5D02 /* Pods_JinyBookArchive.framework */ = {isa = PBXFileReference; explicitFileType = wrapper.framework; includeInIndex = 0; path = Pods_JinyBookArchive.framework; sourceTree = BUILT_PRODUCTS_DIR; };
/* End PBXFileReference section */

/* Begin PBXFrameworksBuildPhase section */
		70C9946D233A0E6B003F7058 /* Frameworks */ = {
			isa = PBXFrameworksBuildPhase;
			buildActionMask = 2147483647;
			files = (
				22E87901322F9C297954A86F /* Pods_JinyBookArchive.framework in Frameworks */,
			);
			runOnlyForDeploymentPostprocessing = 0;
		};
/* End PBXFrameworksBuildPhase section */

/* Begin PBXGroup section */
		70C99467233A0E6B003F7058 = {
			isa = PBXGroup;
			children = (
				70C99487233A0ED7003F7058 /* README.md */,
				70C99472233A0E6B003F7058 /* JinyBookArchive */,
				70C99471233A0E6B003F7058 /* Products */,
				A82D9A6596913BADA2171472 /* Pods */,
				D5EC4FDD87D999EC4797D4D1 /* Frameworks */,
			);
			sourceTree = "<group>";
		};
		70C99471233A0E6B003F7058 /* Products */ = {
			isa = PBXGroup;
			children = (
				70C99470233A0E6B003F7058 /* JinyBookArchive.app */,
			);
			name = Products;
			sourceTree = "<group>";
		};
		70C99472233A0E6B003F7058 /* JinyBookArchive */ = {
			isa = PBXGroup;
			children = (
				70C99489233A0F8C003F7058 /* Controllers */,
				70C9948A233A0F9F003F7058 /* Helpers */,
				70C9948B233A0FB1003F7058 /* Models */,
				70C9948C233A0FC1003F7058 /* Resources */,
				70C9948D233A0FD0003F7058 /* View Models */,
				70C9948E233A0FDD003F7058 /* Views */,
				70C99473233A0E6B003F7058 /* AppDelegate.swift */,
				70C99475233A0E6B003F7058 /* SceneDelegate.swift */,
				70C99481233A0E6E003F7058 /* Info.plist */,
			);
			path = JinyBookArchive;
			sourceTree = "<group>";
		};
		70C99489233A0F8C003F7058 /* Controllers */ = {
			isa = PBXGroup;
			children = (
				70C994E3233A4E25003F7058 /* BookInfoViewController.swift */,
				70C99477233A0E6B003F7058 /* HomeViewController.swift */,
			);
			path = Controllers;
			sourceTree = "<group>";
		};
		70C9948A233A0F9F003F7058 /* Helpers */ = {
			isa = PBXGroup;
			children = (
				70C9949D233A24DA003F7058 /* API */,
				70C99495233A105C003F7058 /* Constants.swift */,
				70C99499233A1ECF003F7058 /* Defaults.swift */,
				70C99493233A104B003F7058 /* Extensions.swift */,
				70C99491233A1037003F7058 /* Strings.swift */,
				70C9948F233A1026003F7058 /* Utility.swift */,
			);
			path = Helpers;
			sourceTree = "<group>";
		};
		70C9948B233A0FB1003F7058 /* Models */ = {
			isa = PBXGroup;
			children = (
				70C994A0233A25AC003F7058 /* Book.swift */,
			);
			path = Models;
			sourceTree = "<group>";
		};
		70C9948C233A0FC1003F7058 /* Resources */ = {
			isa = PBXGroup;
			children = (
				70C9947C233A0E6E003F7058 /* Assets.xcassets */,
			);
			path = Resources;
			sourceTree = "<group>";
		};
		70C9948D233A0FD0003F7058 /* View Models */ = {
			isa = PBXGroup;
			children = (
				70C994E5233A4E3C003F7058 /* BookInfoViewModel.swift */,
				70C99497233A17CB003F7058 /* HomeViewModel.swift */,
			);
			path = "View Models";
			sourceTree = "<group>";
		};
		70C9948E233A0FDD003F7058 /* Views */ = {
			isa = PBXGroup;
			children = (
				70C994DE233A3FDA003F7058 /* Table View Cells */,
				70C9947E233A0E6E003F7058 /* LaunchScreen.storyboard */,
				70C99479233A0E6B003F7058 /* Main.storyboard */,
			);
			path = Views;
			sourceTree = "<group>";
		};
		70C9949D233A24DA003F7058 /* API */ = {
			isa = PBXGroup;
			children = (
				70C9949E233A24E9003F7058 /* APIManager.swift */,
			);
			path = API;
			sourceTree = "<group>";
		};
		70C994DE233A3FDA003F7058 /* Table View Cells */ = {
			isa = PBXGroup;
			children = (
				70C994DF233A3FFC003F7058 /* BookInfoCell.swift */,
				70C994E0233A3FFC003F7058 /* BookInfoCell.xib */,
				70C994E7233A56D9003F7058 /* BookDetailCell.swift */,
				70C994E8233A56D9003F7058 /* BookDetailCell.xib */,
			);
			path = "Table View Cells";
			sourceTree = "<group>";
		};
		A82D9A6596913BADA2171472 /* Pods */ = {
			isa = PBXGroup;
			children = (
				50955A84022BF28B5C448B04 /* Pods-JinyBookArchive.debug.xcconfig */,
				E644CBD533808B0A840B58BF /* Pods-JinyBookArchive.release.xcconfig */,
			);
			path = Pods;
			sourceTree = "<group>";
		};
		D5EC4FDD87D999EC4797D4D1 /* Frameworks */ = {
			isa = PBXGroup;
			children = (
				F063EF12F476A781C9AA5D02 /* Pods_JinyBookArchive.framework */,
			);
			name = Frameworks;
			sourceTree = "<group>";
		};
/* End PBXGroup section */

/* Begin PBXNativeTarget section */
		70C9946F233A0E6B003F7058 /* JinyBookArchive */ = {
			isa = PBXNativeTarget;
			buildConfigurationList = 70C99484233A0E6E003F7058 /* Build configuration list for PBXNativeTarget "JinyBookArchive" */;
			buildPhases = (
				821ED8030C16AAB5B2B013A5 /* [CP] Check Pods Manifest.lock */,
				70C9946C233A0E6B003F7058 /* Sources */,
				70C9946D233A0E6B003F7058 /* Frameworks */,
				70C9946E233A0E6B003F7058 /* Resources */,
				A4AE4A9EE11097726B284933 /* [CP] Embed Pods Frameworks */,
			);
			buildRules = (
			);
			dependencies = (
			);
			name = JinyBookArchive;
			productName = JinyBookArchive;
			productReference = 70C99470233A0E6B003F7058 /* JinyBookArchive.app */;
			productType = "com.apple.product-type.application";
		};
/* End PBXNativeTarget section */

/* Begin PBXProject section */
		70C99468233A0E6B003F7058 /* Project object */ = {
			isa = PBXProject;
			attributes = {
				LastSwiftUpdateCheck = 1100;
				LastUpgradeCheck = 1100;
				ORGANIZATIONNAME = "Rajdeep Sahoo";
				TargetAttributes = {
					70C9946F233A0E6B003F7058 = {
						CreatedOnToolsVersion = 11.0;
					};
				};
			};
			buildConfigurationList = 70C9946B233A0E6B003F7058 /* Build configuration list for PBXProject "JinyBookArchive" */;
			compatibilityVersion = "Xcode 9.3";
			developmentRegion = en;
			hasScannedForEncodings = 0;
			knownRegions = (
				en,
				Base,
			);
			mainGroup = 70C99467233A0E6B003F7058;
			productRefGroup = 70C99471233A0E6B003F7058 /* Products */;
			projectDirPath = "";
			projectRoot = "";
			targets = (
				70C9946F233A0E6B003F7058 /* JinyBookArchive */,
			);
		};
/* End PBXProject section */

/* Begin PBXResourcesBuildPhase section */
		70C9946E233A0E6B003F7058 /* Resources */ = {
			isa = PBXResourcesBuildPhase;
			buildActionMask = 2147483647;
			files = (
				70C99480233A0E6E003F7058 /* LaunchScreen.storyboard in Resources */,
				70C994EA233A56D9003F7058 /* BookDetailCell.xib in Resources */,
				70C9947D233A0E6E003F7058 /* Assets.xcassets in Resources */,
				70C99488233A0ED7003F7058 /* README.md in Resources */,
				70C9947B233A0E6B003F7058 /* Main.storyboard in Resources */,
				70C994E2233A3FFC003F7058 /* BookInfoCell.xib in Resources */,
			);
			runOnlyForDeploymentPostprocessing = 0;
		};
/* End PBXResourcesBuildPhase section */

/* Begin PBXShellScriptBuildPhase section */
		821ED8030C16AAB5B2B013A5 /* [CP] Check Pods Manifest.lock */ = {
			isa = PBXShellScriptBuildPhase;
			buildActionMask = 2147483647;
			files = (
			);
			inputFileListPaths = (
			);
			inputPaths = (
				"${PODS_PODFILE_DIR_PATH}/Podfile.lock",
				"${PODS_ROOT}/Manifest.lock",
			);
			name = "[CP] Check Pods Manifest.lock";
			outputFileListPaths = (
			);
			outputPaths = (
				"$(DERIVED_FILE_DIR)/Pods-JinyBookArchive-checkManifestLockResult.txt",
			);
			runOnlyForDeploymentPostprocessing = 0;
			shellPath = /bin/sh;
			shellScript = "diff \"${PODS_PODFILE_DIR_PATH}/Podfile.lock\" \"${PODS_ROOT}/Manifest.lock\" > /dev/null\nif [ $? != 0 ] ; then\n    # print error to STDERR\n    echo \"error: The sandbox is not in sync with the Podfile.lock. Run 'pod install' or update your CocoaPods installation.\" >&2\n    exit 1\nfi\n# This output is used by Xcode 'outputs' to avoid re-running this script phase.\necho \"SUCCESS\" > \"${SCRIPT_OUTPUT_FILE_0}\"\n";
			showEnvVarsInLog = 0;
		};
		A4AE4A9EE11097726B284933 /* [CP] Embed Pods Frameworks */ = {
			isa = PBXShellScriptBuildPhase;
			buildActionMask = 2147483647;
			files = (
			);
			inputFileListPaths = (
			);
			inputPaths = (
				"${PODS_ROOT}/Target Support Files/Pods-JinyBookArchive/Pods-JinyBookArchive-frameworks.sh",
				"${BUILT_PRODUCTS_DIR}/Kingfisher/Kingfisher.framework",
				"${BUILT_PRODUCTS_DIR}/MBProgressHUD/MBProgressHUD.framework",
			);
			name = "[CP] Embed Pods Frameworks";
			outputFileListPaths = (
			);
			outputPaths = (
				"${TARGET_BUILD_DIR}/${FRAMEWORKS_FOLDER_PATH}/Kingfisher.framework",
				"${TARGET_BUILD_DIR}/${FRAMEWORKS_FOLDER_PATH}/MBProgressHUD.framework",
			);
			runOnlyForDeploymentPostprocessing = 0;
			shellPath = /bin/sh;
			shellScript = "\"${PODS_ROOT}/Target Support Files/Pods-JinyBookArchive/Pods-JinyBookArchive-frameworks.sh\"\n";
			showEnvVarsInLog = 0;
		};
/* End PBXShellScriptBuildPhase section */

/* Begin PBXSourcesBuildPhase section */
		70C9946C233A0E6B003F7058 /* Sources */ = {
			isa = PBXSourcesBuildPhase;
			buildActionMask = 2147483647;
			files = (
				70C994E9233A56D9003F7058 /* BookDetailCell.swift in Sources */,
				70C9949A233A1ECF003F7058 /* Defaults.swift in Sources */,
				70C99490233A1026003F7058 /* Utility.swift in Sources */,
				70C9949F233A24E9003F7058 /* APIManager.swift in Sources */,
				70C994A1233A25AC003F7058 /* Book.swift in Sources */,
				70C99494233A104B003F7058 /* Extensions.swift in Sources */,
				70C994E6233A4E3C003F7058 /* BookInfoViewModel.swift in Sources */,
				70C99478233A0E6B003F7058 /* HomeViewController.swift in Sources */,
				70C99498233A17CB003F7058 /* HomeViewModel.swift in Sources */,
				70C99492233A1037003F7058 /* Strings.swift in Sources */,
				70C994E4233A4E25003F7058 /* BookInfoViewController.swift in Sources */,
				70C994E1233A3FFC003F7058 /* BookInfoCell.swift in Sources */,
				70C99496233A105C003F7058 /* Constants.swift in Sources */,
				70C99474233A0E6B003F7058 /* AppDelegate.swift in Sources */,
				70C99476233A0E6B003F7058 /* SceneDelegate.swift in Sources */,
			);
			runOnlyForDeploymentPostprocessing = 0;
		};
/* End PBXSourcesBuildPhase section */

/* Begin PBXVariantGroup section */
		70C99479233A0E6B003F7058 /* Main.storyboard */ = {
			isa = PBXVariantGroup;
			children = (
				70C9947A233A0E6B003F7058 /* Base */,
			);
			name = Main.storyboard;
			sourceTree = "<group>";
		};
		70C9947E233A0E6E003F7058 /* LaunchScreen.storyboard */ = {
			isa = PBXVariantGroup;
			children = (
				70C9947F233A0E6E003F7058 /* Base */,
			);
			name = LaunchScreen.storyboard;
			sourceTree = "<group>";
		};
/* End PBXVariantGroup section */

/* Begin XCBuildConfiguration section */
		70C99482233A0E6E003F7058 /* Debug */ = {
			isa = XCBuildConfiguration;
			buildSettings = {
				ALWAYS_SEARCH_USER_PATHS = NO;
				CLANG_ANALYZER_NONNULL = YES;
				CLANG_ANALYZER_NUMBER_OBJECT_CONVERSION = YES_AGGRESSIVE;
				CLANG_CXX_LANGUAGE_STANDARD = "gnu++14";
				CLANG_CXX_LIBRARY = "libc++";
				CLANG_ENABLE_MODULES = YES;
				CLANG_ENABLE_OBJC_ARC = YES;
				CLANG_ENABLE_OBJC_WEAK = YES;
				CLANG_WARN_BLOCK_CAPTURE_AUTORELEASING = YES;
				CLANG_WARN_BOOL_CONVERSION = YES;
				CLANG_WARN_COMMA = YES;
				CLANG_WARN_CONSTANT_CONVERSION = YES;
				CLANG_WARN_DEPRECATED_OBJC_IMPLEMENTATIONS = YES;
				CLANG_WARN_DIRECT_OBJC_ISA_USAGE = YES_ERROR;
				CLANG_WARN_DOCUMENTATION_COMMENTS = YES;
				CLANG_WARN_EMPTY_BODY = YES;
				CLANG_WARN_ENUM_CONVERSION = YES;
				CLANG_WARN_INFINITE_RECURSION = YES;
				CLANG_WARN_INT_CONVERSION = YES;
				CLANG_WARN_NON_LITERAL_NULL_CONVERSION = YES;
				CLANG_WARN_OBJC_IMPLICIT_RETAIN_SELF = YES;
				CLANG_WARN_OBJC_LITERAL_CONVERSION = YES;
				CLANG_WARN_OBJC_ROOT_CLASS = YES_ERROR;
				CLANG_WARN_RANGE_LOOP_ANALYSIS = YES;
				CLANG_WARN_STRICT_PROTOTYPES = YES;
				CLANG_WARN_SUSPICIOUS_MOVE = YES;
				CLANG_WARN_UNGUARDED_AVAILABILITY = YES_AGGRESSIVE;
				CLANG_WARN_UNREACHABLE_CODE = YES;
				CLANG_WARN__DUPLICATE_METHOD_MATCH = YES;
				COPY_PHASE_STRIP = NO;
				DEBUG_INFORMATION_FORMAT = dwarf;
				ENABLE_STRICT_OBJC_MSGSEND = YES;
				ENABLE_TESTABILITY = YES;
				GCC_C_LANGUAGE_STANDARD = gnu11;
				GCC_DYNAMIC_NO_PIC = NO;
				GCC_NO_COMMON_BLOCKS = YES;
				GCC_OPTIMIZATION_LEVEL = 0;
				GCC_PREPROCESSOR_DEFINITIONS = (
					"DEBUG=1",
					"$(inherited)",
				);
				GCC_WARN_64_TO_32_BIT_CONVERSION = YES;
				GCC_WARN_ABOUT_RETURN_TYPE = YES_ERROR;
				GCC_WARN_UNDECLARED_SELECTOR = YES;
				GCC_WARN_UNINITIALIZED_AUTOS = YES_AGGRESSIVE;
				GCC_WARN_UNUSED_FUNCTION = YES;
				GCC_WARN_UNUSED_VARIABLE = YES;
				IPHONEOS_DEPLOYMENT_TARGET = 13.0;
				MTL_ENABLE_DEBUG_INFO = INCLUDE_SOURCE;
				MTL_FAST_MATH = YES;
				ONLY_ACTIVE_ARCH = YES;
				SDKROOT = iphoneos;
				SWIFT_ACTIVE_COMPILATION_CONDITIONS = DEBUG;
				SWIFT_OPTIMIZATION_LEVEL = "-Onone";
			};
			name = Debug;
		};
		70C99483233A0E6E003F7058 /* Release */ = {
			isa = XCBuildConfiguration;
			buildSettings = {
				ALWAYS_SEARCH_USER_PATHS = NO;
				CLANG_ANALYZER_NONNULL = YES;
				CLANG_ANALYZER_NUMBER_OBJECT_CONVERSION = YES_AGGRESSIVE;
				CLANG_CXX_LANGUAGE_STANDARD = "gnu++14";
				CLANG_CXX_LIBRARY = "libc++";
				CLANG_ENABLE_MODULES = YES;
				CLANG_ENABLE_OBJC_ARC = YES;
				CLANG_ENABLE_OBJC_WEAK = YES;
				CLANG_WARN_BLOCK_CAPTURE_AUTORELEASING = YES;
				CLANG_WARN_BOOL_CONVERSION = YES;
				CLANG_WARN_COMMA = YES;
				CLANG_WARN_CONSTANT_CONVERSION = YES;
				CLANG_WARN_DEPRECATED_OBJC_IMPLEMENTATIONS = YES;
				CLANG_WARN_DIRECT_OBJC_ISA_USAGE = YES_ERROR;
				CLANG_WARN_DOCUMENTATION_COMMENTS = YES;
				CLANG_WARN_EMPTY_BODY = YES;
				CLANG_WARN_ENUM_CONVERSION = YES;
				CLANG_WARN_INFINITE_RECURSION = YES;
				CLANG_WARN_INT_CONVERSION = YES;
				CLANG_WARN_NON_LITERAL_NULL_CONVERSION = YES;
				CLANG_WARN_OBJC_IMPLICIT_RETAIN_SELF = YES;
				CLANG_WARN_OBJC_LITERAL_CONVERSION = YES;
				CLANG_WARN_OBJC_ROOT_CLASS = YES_ERROR;
				CLANG_WARN_RANGE_LOOP_ANALYSIS = YES;
				CLANG_WARN_STRICT_PROTOTYPES = YES;
				CLANG_WARN_SUSPICIOUS_MOVE = YES;
				CLANG_WARN_UNGUARDED_AVAILABILITY = YES_AGGRESSIVE;
				CLANG_WARN_UNREACHABLE_CODE = YES;
				CLANG_WARN__DUPLICATE_METHOD_MATCH = YES;
				COPY_PHASE_STRIP = NO;
				DEBUG_INFORMATION_FORMAT = "dwarf-with-dsym";
				ENABLE_NS_ASSERTIONS = NO;
				ENABLE_STRICT_OBJC_MSGSEND = YES;
				GCC_C_LANGUAGE_STANDARD = gnu11;
				GCC_NO_COMMON_BLOCKS = YES;
				GCC_WARN_64_TO_32_BIT_CONVERSION = YES;
				GCC_WARN_ABOUT_RETURN_TYPE = YES_ERROR;
				GCC_WARN_UNDECLARED_SELECTOR = YES;
				GCC_WARN_UNINITIALIZED_AUTOS = YES_AGGRESSIVE;
				GCC_WARN_UNUSED_FUNCTION = YES;
				GCC_WARN_UNUSED_VARIABLE = YES;
				IPHONEOS_DEPLOYMENT_TARGET = 13.0;
				MTL_ENABLE_DEBUG_INFO = NO;
				MTL_FAST_MATH = YES;
				SDKROOT = iphoneos;
				SWIFT_COMPILATION_MODE = wholemodule;
				SWIFT_OPTIMIZATION_LEVEL = "-O";
				VALIDATE_PRODUCT = YES;
			};
			name = Release;
		};
		70C99485233A0E6E003F7058 /* Debug */ = {
			isa = XCBuildConfiguration;
			baseConfigurationReference = 50955A84022BF28B5C448B04 /* Pods-JinyBookArchive.debug.xcconfig */;
			buildSettings = {
				ASSETCATALOG_COMPILER_APPICON_NAME = AppIcon;
				CODE_SIGN_STYLE = Automatic;
				INFOPLIST_FILE = JinyBookArchive/Info.plist;
				LD_RUNPATH_SEARCH_PATHS = (
					"$(inherited)",
					"@executable_path/Frameworks",
				);
				PRODUCT_BUNDLE_IDENTIFIER = com.rajdeepsahoo.JinyBookArchive;
				PRODUCT_NAME = "$(TARGET_NAME)";
				SWIFT_VERSION = 5.0;
				TARGETED_DEVICE_FAMILY = "1,2";
			};
			name = Debug;
		};
		70C99486233A0E6E003F7058 /* Release */ = {
			isa = XCBuildConfiguration;
			baseConfigurationReference = E644CBD533808B0A840B58BF /* Pods-JinyBookArchive.release.xcconfig */;
			buildSettings = {
				ASSETCATALOG_COMPILER_APPICON_NAME = AppIcon;
				CODE_SIGN_STYLE = Automatic;
				INFOPLIST_FILE = JinyBookArchive/Info.plist;
				LD_RUNPATH_SEARCH_PATHS = (
					"$(inherited)",
					"@executable_path/Frameworks",
				);
				PRODUCT_BUNDLE_IDENTIFIER = com.rajdeepsahoo.JinyBookArchive;
				PRODUCT_NAME = "$(TARGET_NAME)";
				SWIFT_VERSION = 5.0;
				TARGETED_DEVICE_FAMILY = "1,2";
			};
			name = Release;
		};
/* End XCBuildConfiguration section */

/* Begin XCConfigurationList section */
		70C9946B233A0E6B003F7058 /* Build configuration list for PBXProject "JinyBookArchive" */ = {
			isa = XCConfigurationList;
			buildConfigurations = (
				70C99482233A0E6E003F7058 /* Debug */,
				70C99483233A0E6E003F7058 /* Release */,
			);
			defaultConfigurationIsVisible = 0;
			defaultConfigurationName = Release;
		};
		70C99484233A0E6E003F7058 /* Build configuration list for PBXNativeTarget "JinyBookArchive" */ = {
			isa = XCConfigurationList;
			buildConfigurations = (
				70C99485233A0E6E003F7058 /* Debug */,
				70C99486233A0E6E003F7058 /* Release */,
			);
			defaultConfigurationIsVisible = 0;
			defaultConfigurationName = Release;
		};
/* End XCConfigurationList section */
	};
	rootObject = 70C99468233A0E6B003F7058 /* Project object */;
}
